
Microsoft Visual Studio Solution File, Format Version 12.00
# Visual Studio Version 17
VisualStudioVersion = 17.9.34728.123
MinimumVisualStudioVersion = 10.0.40219.1
Project("{FAE04EC0-301F-11D3-BF4B-00C04F79EFBC}") = "Nursery management", "Nursery management\Nursery management.csproj", "{B940956D-615D-4DB5-B74A-9BE14D775308}"
EndProject
Global
	GlobalSection(SolutionConfigurationPlatforms) = preSolution
		Debug|Any CPU = Debug|Any CPU
		Release|Any CPU = Release|Any CPU
	EndGlobalSection
	GlobalSection(ProjectConfigurationPlatforms) = postSolution
		{B940956D-615D-4DB5-B74A-9BE14D775308}.Debug|Any CPU.ActiveCfg = Debug|Any CPU
		{B940956D-615D-4DB5-B74A-9BE14D775308}.Debug|Any CPU.Build.0 = Debug|Any CPU
		{B940956D-615D-4DB5-B74A-9BE14D775308}.Release|Any CPU.ActiveCfg = Release|Any CPU
		{B940956D-615D-4DB5-B74A-9BE14D775308}.Release|Any CPU.Build.0 = Release|Any CPU
	EndGlobalSection
	GlobalSection(SolutionProperties) = preSolution
		HideSolutionNode = FALSE
	EndGlobalSection
	GlobalSection(ExtensibilityGlobals) = postSolution
		SolutionGuid = {E65AB281-D9E9-4E54-B5F6-8167272303D0}
	EndGlobalSection
EndGlobal
